
Microsoft Visual Studio Solution File, Format Version 12.00
# Visual Studio Version 17
VisualStudioVersion = 17.8.34330.188
MinimumVisualStudioVersion = 10.0.40219.1
Project("{9A19103F-16F7-4668-BE54-9A1E7A4F7556}") = "riri.globalredirector", "riri.globalredirector\riri.globalredirector.csproj", "{B37CD197-F399-4DB5-A4C5-AA60B62AF745}"
EndProject
Global
	GlobalSection(SolutionConfigurationPlatforms) = preSolution
		Debug|Any CPU = Debug|Any CPU
		Release|Any CPU = Release|Any CPU
	EndGlobalSection
	GlobalSection(ProjectConfigurationPlatforms) = postSolution
		{B37CD197-F399-4DB5-A4C5-AA60B62AF745}.Debug|Any CPU.ActiveCfg = Debug|Any CPU
		{B37CD197-F399-4DB5-A4C5-AA60B62AF745}.Debug|Any CPU.Build.0 = Debug|Any CPU
		{B37CD197-F399-4DB5-A4C5-AA60B62AF745}.Release|Any CPU.ActiveCfg = Release|Any CPU
		{B37CD197-F399-4DB5-A4C5-AA60B62AF745}.Release|Any CPU.Build.0 = Release|Any CPU
	EndGlobalSection
	GlobalSection(SolutionProperties) = preSolution
		HideSolutionNode = FALSE
	EndGlobalSection
	GlobalSection(ExtensibilityGlobals) = postSolution
		SolutionGuid = {303C5A9D-AC94-4F52-9093-E4551931B44A}
	EndGlobalSection
EndGlobal
